
Microsoft Visual Studio Solution File, Format Version 12.00
# Visual Studio 2013
VisualStudioVersion = 12.0.30501.0
MinimumVisualStudioVersion = 10.0.40219.1
Project("{FAE04EC0-301F-11D3-BF4B-00C04F79EFBC}") = "Tania_QueryCube", "Tania_QueryCube\Tania_QueryCube.csproj", "{88AA8BC2-92CC-4AF0-A7DE-4ABCA303AC56}"
EndProject
Global
	GlobalSection(SolutionConfigurationPlatforms) = preSolution
		Debug|Any CPU = Debug|Any CPU
		Release|Any CPU = Release|Any CPU
	EndGlobalSection
	GlobalSection(ProjectConfigurationPlatforms) = postSolution
		{88AA8BC2-92CC-4AF0-A7DE-4ABCA303AC56}.Debug|Any CPU.ActiveCfg = Debug|Any CPU
		{88AA8BC2-92CC-4AF0-A7DE-4ABCA303AC56}.Debug|Any CPU.Build.0 = Debug|Any CPU
		{88AA8BC2-92CC-4AF0-A7DE-4ABCA303AC56}.Release|Any CPU.ActiveCfg = Release|Any CPU
		{88AA8BC2-92CC-4AF0-A7DE-4ABCA303AC56}.Release|Any CPU.Build.0 = Release|Any CPU
	EndGlobalSection
	GlobalSection(SolutionProperties) = preSolution
		HideSolutionNode = FALSE
	EndGlobalSection
EndGlobal
